
Microsoft Visual Studio Solution File, Format Version 12.00
# Visual Studio 2013
VisualStudioVersion = 12.0.30324.0
MinimumVisualStudioVersion = 10.0.40219.1
Project("{2150E333-8FDC-42A3-9474-1A3956D46DE8}") = "basic", "basic", "{8202AE33-245A-4A8C-9F7C-539A7222F732}"
EndProject
Project("{888888A0-9F3D-457C-B088-3A5042F75D52}") = "def_function", "basic\def_function\def_function.pyproj", "{44E8A1C3-08E8-4387-BA7F-E7BD8607BC13}"
EndProject
Project("{888888A0-9F3D-457C-B088-3A5042F75D52}") = "if_while_for", "basic\if_while_for\if_while_for.pyproj", "{F43C9B81-C20B-4D71-82AB-80A1E0D9B092}"
EndProject
Project("{888888A0-9F3D-457C-B088-3A5042F75D52}") = "list_tuple_map", "basic\list_tuple_map\list_tuple_map.pyproj", "{A7FE15B9-C3DE-4D73-BF7A-8C6F72916447}"
EndProject
Project("{888888A0-9F3D-457C-B088-3A5042F75D52}") = "use_module", "basic\use_module\use_module.pyproj", "{B28A0161-B213-4E9F-B847-E2DFB2BE2212}"
EndProject
Project("{888888A0-9F3D-457C-B088-3A5042F75D52}") = "basic", "basic\basic\basic.pyproj", "{C2A7B037-F94D-4BBA-B706-54AC410DCCDC}"
EndProject
Project("{888888A0-9F3D-457C-B088-3A5042F75D52}") = "test_os", "basic\test_os\test_os.pyproj", "{699654B8-56C2-4E6B-A0C3-FD5124726E10}"
EndProject
Project("{888888A0-9F3D-457C-B088-3A5042F75D52}") = "def_class", "basic\def_class\def_class.pyproj", "{084F7EBA-BDDF-4081-84EC-C14982315216}"
EndProject
Project("{888888A0-9F3D-457C-B088-3A5042F75D52}") = "string", "basic\string\string.pyproj", "{3D3D09F3-6607-4458-AEE3-D3AA331BE421}"
EndProject
Project("{2150E333-8FDC-42A3-9474-1A3956D46DE8}") = "tools", "tools", "{3A53160C-E1E4-4C18-BFCC-6C97C53C76D7}"
EndProject
Project("{888888A0-9F3D-457C-B088-3A5042F75D52}") = "stack", "tools\stack\stack.pyproj", "{B838CC09-9988-45A2-87AF-0C2C6242FFCB}"
EndProject
Project("{888888A0-9F3D-457C-B088-3A5042F75D52}") = "queue", "tools\queue\queue.pyproj", "{D637BE14-C228-4FD3-8200-248C2C2CFBC8}"
EndProject
Project("{2150E333-8FDC-42A3-9474-1A3956D46DE8}") = "file", "file", "{184B79F1-76B4-4EC3-B2B4-8119729824FC}"
EndProject
Project("{888888A0-9F3D-457C-B088-3A5042F75D52}") = "test_file", "file\test_file\test_file.pyproj", "{4873C819-6DBB-4364-BE58-64F5D5A264EF}"
EndProject
Project("{888888A0-9F3D-457C-B088-3A5042F75D52}") = "lambda", "basic\lambda\lambda.pyproj", "{314A50D7-7D23-4A6A-9B72-CE3D10FBB2A7}"
EndProject
Global
	GlobalSection(SolutionConfigurationPlatforms) = preSolution
		Debug|Any CPU = Debug|Any CPU
		Debug|Mixed Platforms = Debug|Mixed Platforms
		Debug|Win32 = Debug|Win32
		Release|Any CPU = Release|Any CPU
		Release|Mixed Platforms = Release|Mixed Platforms
		Release|Win32 = Release|Win32
	EndGlobalSection
	GlobalSection(ProjectConfigurationPlatforms) = postSolution
		{44E8A1C3-08E8-4387-BA7F-E7BD8607BC13}.Debug|Any CPU.ActiveCfg = Debug|Any CPU
		{44E8A1C3-08E8-4387-BA7F-E7BD8607BC13}.Debug|Mixed Platforms.ActiveCfg = Debug|Any CPU
		{44E8A1C3-08E8-4387-BA7F-E7BD8607BC13}.Debug|Win32.ActiveCfg = Debug|Any CPU
		{44E8A1C3-08E8-4387-BA7F-E7BD8607BC13}.Release|Any CPU.ActiveCfg = Release|Any CPU
		{44E8A1C3-08E8-4387-BA7F-E7BD8607BC13}.Release|Mixed Platforms.ActiveCfg = Release|Any CPU
		{44E8A1C3-08E8-4387-BA7F-E7BD8607BC13}.Release|Win32.ActiveCfg = Release|Any CPU
		{F43C9B81-C20B-4D71-82AB-80A1E0D9B092}.Debug|Any CPU.ActiveCfg = Debug|Any CPU
		{F43C9B81-C20B-4D71-82AB-80A1E0D9B092}.Debug|Mixed Platforms.ActiveCfg = Debug|Any CPU
		{F43C9B81-C20B-4D71-82AB-80A1E0D9B092}.Debug|Win32.ActiveCfg = Debug|Any CPU
		{F43C9B81-C20B-4D71-82AB-80A1E0D9B092}.Release|Any CPU.ActiveCfg = Release|Any CPU
		{F43C9B81-C20B-4D71-82AB-80A1E0D9B092}.Release|Mixed Platforms.ActiveCfg = Release|Any CPU
		{F43C9B81-C20B-4D71-82AB-80A1E0D9B092}.Release|Win32.ActiveCfg = Release|Any CPU
		{A7FE15B9-C3DE-4D73-BF7A-8C6F72916447}.Debug|Any CPU.ActiveCfg = Debug|Any CPU
		{A7FE15B9-C3DE-4D73-BF7A-8C6F72916447}.Debug|Mixed Platforms.ActiveCfg = Debug|Any CPU
		{A7FE15B9-C3DE-4D73-BF7A-8C6F72916447}.Debug|Win32.ActiveCfg = Debug|Any CPU
		{A7FE15B9-C3DE-4D73-BF7A-8C6F72916447}.Release|Any CPU.ActiveCfg = Release|Any CPU
		{A7FE15B9-C3DE-4D73-BF7A-8C6F72916447}.Release|Mixed Platforms.ActiveCfg = Release|Any CPU
		{A7FE15B9-C3DE-4D73-BF7A-8C6F72916447}.Release|Win32.ActiveCfg = Release|Any CPU
		{B28A0161-B213-4E9F-B847-E2DFB2BE2212}.Debug|Any CPU.ActiveCfg = Debug|Any CPU
		{B28A0161-B213-4E9F-B847-E2DFB2BE2212}.Debug|Mixed Platforms.ActiveCfg = Debug|Any CPU
		{B28A0161-B213-4E9F-B847-E2DFB2BE2212}.Debug|Win32.ActiveCfg = Debug|Any CPU
		{B28A0161-B213-4E9F-B847-E2DFB2BE2212}.Release|Any CPU.ActiveCfg = Release|Any CPU
		{B28A0161-B213-4E9F-B847-E2DFB2BE2212}.Release|Mixed Platforms.ActiveCfg = Release|Any CPU
		{B28A0161-B213-4E9F-B847-E2DFB2BE2212}.Release|Win32.ActiveCfg = Release|Any CPU
		{C2A7B037-F94D-4BBA-B706-54AC410DCCDC}.Debug|Any CPU.ActiveCfg = Debug|Any CPU
		{C2A7B037-F94D-4BBA-B706-54AC410DCCDC}.Debug|Mixed Platforms.ActiveCfg = Debug|Any CPU
		{C2A7B037-F94D-4BBA-B706-54AC410DCCDC}.Debug|Win32.ActiveCfg = Debug|Any CPU
		{C2A7B037-F94D-4BBA-B706-54AC410DCCDC}.Release|Any CPU.ActiveCfg = Release|Any CPU
		{C2A7B037-F94D-4BBA-B706-54AC410DCCDC}.Release|Mixed Platforms.ActiveCfg = Release|Any CPU
		{C2A7B037-F94D-4BBA-B706-54AC410DCCDC}.Release|Win32.ActiveCfg = Release|Any CPU
		{699654B8-56C2-4E6B-A0C3-FD5124726E10}.Debug|Any CPU.ActiveCfg = Debug|Any CPU
		{699654B8-56C2-4E6B-A0C3-FD5124726E10}.Debug|Mixed Platforms.ActiveCfg = Debug|Any CPU
		{699654B8-56C2-4E6B-A0C3-FD5124726E10}.Debug|Win32.ActiveCfg = Debug|Any CPU
		{699654B8-56C2-4E6B-A0C3-FD5124726E10}.Release|Any CPU.ActiveCfg = Release|Any CPU
		{699654B8-56C2-4E6B-A0C3-FD5124726E10}.Release|Mixed Platforms.ActiveCfg = Release|Any CPU
		{699654B8-56C2-4E6B-A0C3-FD5124726E10}.Release|Win32.ActiveCfg = Release|Any CPU
		{084F7EBA-BDDF-4081-84EC-C14982315216}.Debug|Any CPU.ActiveCfg = Debug|Any CPU
		{084F7EBA-BDDF-4081-84EC-C14982315216}.Debug|Mixed Platforms.ActiveCfg = Debug|Any CPU
		{084F7EBA-BDDF-4081-84EC-C14982315216}.Debug|Win32.ActiveCfg = Debug|Any CPU
		{084F7EBA-BDDF-4081-84EC-C14982315216}.Release|Any CPU.ActiveCfg = Release|Any CPU
		{084F7EBA-BDDF-4081-84EC-C14982315216}.Release|Mixed Platforms.ActiveCfg = Release|Any CPU
		{084F7EBA-BDDF-4081-84EC-C14982315216}.Release|Win32.ActiveCfg = Release|Any CPU
		{3D3D09F3-6607-4458-AEE3-D3AA331BE421}.Debug|Any CPU.ActiveCfg = Debug|Any CPU
		{3D3D09F3-6607-4458-AEE3-D3AA331BE421}.Debug|Mixed Platforms.ActiveCfg = Debug|Any CPU
		{3D3D09F3-6607-4458-AEE3-D3AA331BE421}.Debug|Win32.ActiveCfg = Debug|Any CPU
		{3D3D09F3-6607-4458-AEE3-D3AA331BE421}.Release|Any CPU.ActiveCfg = Release|Any CPU
		{3D3D09F3-6607-4458-AEE3-D3AA331BE421}.Release|Mixed Platforms.ActiveCfg = Release|Any CPU
		{3D3D09F3-6607-4458-AEE3-D3AA331BE421}.Release|Win32.ActiveCfg = Release|Any CPU
		{B838CC09-9988-45A2-87AF-0C2C6242FFCB}.Debug|Any CPU.ActiveCfg = Debug|Any CPU
		{B838CC09-9988-45A2-87AF-0C2C6242FFCB}.Debug|Mixed Platforms.ActiveCfg = Debug|Any CPU
		{B838CC09-9988-45A2-87AF-0C2C6242FFCB}.Debug|Win32.ActiveCfg = Debug|Any CPU
		{B838CC09-9988-45A2-87AF-0C2C6242FFCB}.Release|Any CPU.ActiveCfg = Release|Any CPU
		{B838CC09-9988-45A2-87AF-0C2C6242FFCB}.Release|Mixed Platforms.ActiveCfg = Release|Any CPU
		{B838CC09-9988-45A2-87AF-0C2C6242FFCB}.Release|Win32.ActiveCfg = Release|Any CPU
		{D637BE14-C228-4FD3-8200-248C2C2CFBC8}.Debug|Any CPU.ActiveCfg = Debug|Any CPU
		{D637BE14-C228-4FD3-8200-248C2C2CFBC8}.Debug|Mixed Platforms.ActiveCfg = Debug|Any CPU
		{D637BE14-C228-4FD3-8200-248C2C2CFBC8}.Debug|Win32.ActiveCfg = Debug|Any CPU
		{D637BE14-C228-4FD3-8200-248C2C2CFBC8}.Release|Any CPU.ActiveCfg = Release|Any CPU
		{D637BE14-C228-4FD3-8200-248C2C2CFBC8}.Release|Mixed Platforms.ActiveCfg = Release|Any CPU
		{D637BE14-C228-4FD3-8200-248C2C2CFBC8}.Release|Win32.ActiveCfg = Release|Any CPU
		{4873C819-6DBB-4364-BE58-64F5D5A264EF}.Debug|Any CPU.ActiveCfg = Debug|Any CPU
		{4873C819-6DBB-4364-BE58-64F5D5A264EF}.Debug|Mixed Platforms.ActiveCfg = Debug|Any CPU
		{4873C819-6DBB-4364-BE58-64F5D5A264EF}.Debug|Win32.ActiveCfg = Debug|Any CPU
		{4873C819-6DBB-4364-BE58-64F5D5A264EF}.Release|Any CPU.ActiveCfg = Release|Any CPU
		{4873C819-6DBB-4364-BE58-64F5D5A264EF}.Release|Mixed Platforms.ActiveCfg = Release|Any CPU
		{4873C819-6DBB-4364-BE58-64F5D5A264EF}.Release|Win32.ActiveCfg = Release|Any CPU
		{314A50D7-7D23-4A6A-9B72-CE3D10FBB2A7}.Debug|Any CPU.ActiveCfg = Debug|Any CPU
		{314A50D7-7D23-4A6A-9B72-CE3D10FBB2A7}.Debug|Mixed Platforms.ActiveCfg = Debug|Any CPU
		{314A50D7-7D23-4A6A-9B72-CE3D10FBB2A7}.Debug|Win32.ActiveCfg = Debug|Any CPU
		{314A50D7-7D23-4A6A-9B72-CE3D10FBB2A7}.Release|Any CPU.ActiveCfg = Release|Any CPU
		{314A50D7-7D23-4A6A-9B72-CE3D10FBB2A7}.Release|Mixed Platforms.ActiveCfg = Release|Any CPU
		{314A50D7-7D23-4A6A-9B72-CE3D10FBB2A7}.Release|Win32.ActiveCfg = Release|Any CPU
	EndGlobalSection
	GlobalSection(SolutionProperties) = preSolution
		HideSolutionNode = FALSE
	EndGlobalSection
	GlobalSection(NestedProjects) = preSolution
		{44E8A1C3-08E8-4387-BA7F-E7BD8607BC13} = {8202AE33-245A-4A8C-9F7C-539A7222F732}
		{F43C9B81-C20B-4D71-82AB-80A1E0D9B092} = {8202AE33-245A-4A8C-9F7C-539A7222F732}
		{A7FE15B9-C3DE-4D73-BF7A-8C6F72916447} = {8202AE33-245A-4A8C-9F7C-539A7222F732}
		{B28A0161-B213-4E9F-B847-E2DFB2BE2212} = {8202AE33-245A-4A8C-9F7C-539A7222F732}
		{C2A7B037-F94D-4BBA-B706-54AC410DCCDC} = {8202AE33-245A-4A8C-9F7C-539A7222F732}
		{699654B8-56C2-4E6B-A0C3-FD5124726E10} = {8202AE33-245A-4A8C-9F7C-539A7222F732}
		{084F7EBA-BDDF-4081-84EC-C14982315216} = {8202AE33-245A-4A8C-9F7C-539A7222F732}
		{3D3D09F3-6607-4458-AEE3-D3AA331BE421} = {8202AE33-245A-4A8C-9F7C-539A7222F732}
		{B838CC09-9988-45A2-87AF-0C2C6242FFCB} = {3A53160C-E1E4-4C18-BFCC-6C97C53C76D7}
		{D637BE14-C228-4FD3-8200-248C2C2CFBC8} = {3A53160C-E1E4-4C18-BFCC-6C97C53C76D7}
		{4873C819-6DBB-4364-BE58-64F5D5A264EF} = {184B79F1-76B4-4EC3-B2B4-8119729824FC}
		{314A50D7-7D23-4A6A-9B72-CE3D10FBB2A7} = {8202AE33-245A-4A8C-9F7C-539A7222F732}
	EndGlobalSection
EndGlobal
